
Microsoft Visual Studio Solution File, Format Version 12.00
# Visual Studio Version 17
VisualStudioVersion = 17.7.34202.233
MinimumVisualStudioVersion = 10.0.40219.1
Project("{FAE04EC0-301F-11D3-BF4B-00C04F79EFBC}") = "Homework1", "Homework1\Homework1.csproj", "{3B239340-5405-4538-AA9C-FD1922F960A6}"
EndProject
Global
	GlobalSection(SolutionConfigurationPlatforms) = preSolution
		Debug|Any CPU = Debug|Any CPU
		Release|Any CPU = Release|Any CPU
	EndGlobalSection
	GlobalSection(ProjectConfigurationPlatforms) = postSolution
		{3B239340-5405-4538-AA9C-FD1922F960A6}.Debug|Any CPU.ActiveCfg = Debug|Any CPU
		{3B239340-5405-4538-AA9C-FD1922F960A6}.Debug|Any CPU.Build.0 = Debug|Any CPU
		{3B239340-5405-4538-AA9C-FD1922F960A6}.Release|Any CPU.ActiveCfg = Release|Any CPU
		{3B239340-5405-4538-AA9C-FD1922F960A6}.Release|Any CPU.Build.0 = Release|Any CPU
	EndGlobalSection
	GlobalSection(SolutionProperties) = preSolution
		HideSolutionNode = FALSE
	EndGlobalSection
	GlobalSection(ExtensibilityGlobals) = postSolution
		SolutionGuid = {AF19E31B-372D-4474-9995-C6A7FF65581D}
	EndGlobalSection
EndGlobal
